
Microsoft Visual Studio Solution File, Format Version 12.00
# Visual Studio Version 16
VisualStudioVersion = 16.0.31729.503
MinimumVisualStudioVersion = 10.0.40219.1
Project("{9A19103F-16F7-4668-BE54-9A1E7A4F7556}") = "Ф КООП", "Ф КООП.csproj", "{A82BDB5B-E3D9-4A60-8568-FB13F9B49A84}"
EndProject
Global
	GlobalSection(SolutionConfigurationPlatforms) = preSolution
		Debug|Any CPU = Debug|Any CPU
		Release|Any CPU = Release|Any CPU
	EndGlobalSection
	GlobalSection(ProjectConfigurationPlatforms) = postSolution
		{A82BDB5B-E3D9-4A60-8568-FB13F9B49A84}.Debug|Any CPU.ActiveCfg = Debug|Any CPU
		{A82BDB5B-E3D9-4A60-8568-FB13F9B49A84}.Debug|Any CPU.Build.0 = Debug|Any CPU
		{A82BDB5B-E3D9-4A60-8568-FB13F9B49A84}.Release|Any CPU.ActiveCfg = Release|Any CPU
		{A82BDB5B-E3D9-4A60-8568-FB13F9B49A84}.Release|Any CPU.Build.0 = Release|Any CPU
	EndGlobalSection
	GlobalSection(SolutionProperties) = preSolution
		HideSolutionNode = FALSE
	EndGlobalSection
	GlobalSection(ExtensibilityGlobals) = postSolution
		SolutionGuid = {12889F6E-A546-4BC6-BF00-E5E451C2B8AA}
	EndGlobalSection
EndGlobal
